// !$*UTF8*$!
{
	archiveVersion = 1;
	classes = {
	};
	objectVersion = 50;
	objects = {

/* Begin PBXBuildFile section */
		DC068DD126E39A520039E5B0 /* AppLojaApp.swift in Sources */ = {isa = PBXBuildFile; fileRef = DC068DD026E39A520039E5B0 /* AppLojaApp.swift */; };
		DC068DD326E39A520039E5B0 /* ContentView.swift in Sources */ = {isa = PBXBuildFile; fileRef = DC068DD226E39A520039E5B0 /* ContentView.swift */; };
		DC068DD526E39A530039E5B0 /* Assets.xcassets in Resources */ = {isa = PBXBuildFile; fileRef = DC068DD426E39A530039E5B0 /* Assets.xcassets */; };
		DC068DD826E39A530039E5B0 /* Preview Assets.xcassets in Resources */ = {isa = PBXBuildFile; fileRef = DC068DD726E39A530039E5B0 /* Preview Assets.xcassets */; };
		DC068DE126E3B2980039E5B0 /* Model.xcdatamodeld in Sources */ = {isa = PBXBuildFile; fileRef = DC068DDF26E3B2980039E5B0 /* Model.xcdatamodeld */; };
		DC068DE326E3B4190039E5B0 /* PersistenceController.swift in Sources */ = {isa = PBXBuildFile; fileRef = DC068DE226E3B4190039E5B0 /* PersistenceController.swift */; };
/* End PBXBuildFile section */

/* Begin PBXFileReference section */
		DC068DCD26E39A520039E5B0 /* AppLoja.app */ = {isa = PBXFileReference; explicitFileType = wrapper.application; includeInIndex = 0; path = AppLoja.app; sourceTree = BUILT_PRODUCTS_DIR; };
		DC068DD026E39A520039E5B0 /* AppLojaApp.swift */ = {isa = PBXFileReference; lastKnownFileType = sourcecode.swift; path = AppLojaApp.swift; sourceTree = "<group>"; };
		DC068DD226E39A520039E5B0 /* ContentView.swift */ = {isa = PBXFileReference; lastKnownFileType = sourcecode.swift; path = ContentView.swift; sourceTree = "<group>"; };
		DC068DD426E39A530039E5B0 /* Assets.xcassets */ = {isa = PBXFileReference; lastKnownFileType = folder.assetcatalog; path = Assets.xcassets; sourceTree = "<group>"; };
		DC068DD726E39A530039E5B0 /* Preview Assets.xcassets */ = {isa = PBXFileReference; lastKnownFileType = folder.assetcatalog; path = "Preview Assets.xcassets"; sourceTree = "<group>"; };
		DC068DD926E39A530039E5B0 /* Info.plist */ = {isa = PBXFileReference; lastKnownFileType = text.plist.xml; path = Info.plist; sourceTree = "<group>"; };
		DC068DE026E3B2980039E5B0 /* Model.xcdatamodel */ = {isa = PBXFileReference; lastKnownFileType = wrapper.xcdatamodel; path = Model.xcdatamodel; sourceTree = "<group>"; };
		DC068DE226E3B4190039E5B0 /* PersistenceController.swift */ = {isa = PBXFileReference; lastKnownFileType = sourcecode.swift; path = PersistenceController.swift; sourceTree = "<group>"; };
/* End PBXFileReference section */

/* Begin PBXFrameworksBuildPhase section */
		DC068DCA26E39A520039E5B0 /* Frameworks */ = {
			isa = PBXFrameworksBuildPhase;
			buildActionMask = 2147483647;
			files = (
			);
			runOnlyForDeploymentPostprocessing = 0;
		};
/* End PBXFrameworksBuildPhase section */

/* Begin PBXGroup section */
		DC068DC426E39A520039E5B0 = {
			isa = PBXGroup;
			children = (
				DC068DCF26E39A520039E5B0 /* AppLoja */,
				DC068DCE26E39A520039E5B0 /* Products */,
			);
			sourceTree = "<group>";
		};
		DC068DCE26E39A520039E5B0 /* Products */ = {
			isa = PBXGroup;
			children = (
				DC068DCD26E39A520039E5B0 /* AppLoja.app */,
			);
			name = Products;
			sourceTree = "<group>";
		};
		DC068DCF26E39A520039E5B0 /* AppLoja */ = {
			isa = PBXGroup;
			children = (
				DC068DD026E39A520039E5B0 /* AppLojaApp.swift */,
				DC068DD226E39A520039E5B0 /* ContentView.swift */,
				DC068DD426E39A530039E5B0 /* Assets.xcassets */,
				DC068DD926E39A530039E5B0 /* Info.plist */,
				DC068DD626E39A530039E5B0 /* Preview Content */,
				DC068DDF26E3B2980039E5B0 /* Model.xcdatamodeld */,
				DC068DE226E3B4190039E5B0 /* PersistenceController.swift */,
			);
			path = AppLoja;
			sourceTree = "<group>";
		};
		DC068DD626E39A530039E5B0 /* Preview Content */ = {
			isa = PBXGroup;
			children = (
				DC068DD726E39A530039E5B0 /* Preview Assets.xcassets */,
			);
			path = "Preview Content";
			sourceTree = "<group>";
		};
/* End PBXGroup section */

/* Begin PBXNativeTarget section */
		DC068DCC26E39A520039E5B0 /* AppLoja */ = {
			isa = PBXNativeTarget;
			buildConfigurationList = DC068DDC26E39A530039E5B0 /* Build configuration list for PBXNativeTarget "AppLoja" */;
			buildPhases = (
				DC068DC926E39A520039E5B0 /* Sources */,
				DC068DCA26E39A520039E5B0 /* Frameworks */,
				DC068DCB26E39A520039E5B0 /* Resources */,
			);
			buildRules = (
			);
			dependencies = (
			);
			name = AppLoja;
			productName = AppLoja;
			productReference = DC068DCD26E39A520039E5B0 /* AppLoja.app */;
			productType = "com.apple.product-type.application";
		};
/* End PBXNativeTarget section */

/* Begin PBXProject section */
		DC068DC526E39A520039E5B0 /* Project object */ = {
			isa = PBXProject;
			attributes = {
				LastSwiftUpdateCheck = 1250;
				LastUpgradeCheck = 1250;
				TargetAttributes = {
					DC068DCC26E39A520039E5B0 = {
						CreatedOnToolsVersion = 12.5.1;
					};
				};
			};
			buildConfigurationList = DC068DC826E39A520039E5B0 /* Build configuration list for PBXProject "AppLoja" */;
			compatibilityVersion = "Xcode 9.3";
			developmentRegion = en;
			hasScannedForEncodings = 0;
			knownRegions = (
				en,
				Base,
			);
			mainGroup = DC068DC426E39A520039E5B0;
			productRefGroup = DC068DCE26E39A520039E5B0 /* Products */;
			projectDirPath = "";
			projectRoot = "";
			targets = (
				DC068DCC26E39A520039E5B0 /* AppLoja */,
			);
		};
/* End PBXProject section */

/* Begin PBXResourcesBuildPhase section */
		DC068DCB26E39A520039E5B0 /* Resources */ = {
			isa = PBXResourcesBuildPhase;
			buildActionMask = 2147483647;
			files = (
				DC068DD826E39A530039E5B0 /* Preview Assets.xcassets in Resources */,
				DC068DD526E39A530039E5B0 /* Assets.xcassets in Resources */,
			);
			runOnlyForDeploymentPostprocessing = 0;
		};
/* End PBXResourcesBuildPhase section */

/* Begin PBXSourcesBuildPhase section */
		DC068DC926E39A520039E5B0 /* Sources */ = {
			isa = PBXSourcesBuildPhase;
			buildActionMask = 2147483647;
			files = (
				DC068DD326E39A520039E5B0 /* ContentView.swift in Sources */,
				DC068DD126E39A520039E5B0 /* AppLojaApp.swift in Sources */,
				DC068DE126E3B2980039E5B0 /* Model.xcdatamodeld in Sources */,
				DC068DE326E3B4190039E5B0 /* PersistenceController.swift in Sources */,
			);
			runOnlyForDeploymentPostprocessing = 0;
		};
/* End PBXSourcesBuildPhase section */

/* Begin XCBuildConfiguration section */
		DC068DDA26E39A530039E5B0 /* Debug */ = {
			isa = XCBuildConfiguration;
			buildSettings = {
				ALWAYS_SEARCH_USER_PATHS = NO;
				CLANG_ANALYZER_NONNULL = YES;
				CLANG_ANALYZER_NUMBER_OBJECT_CONVERSION = YES_AGGRESSIVE;
				CLANG_CXX_LANGUAGE_STANDARD = "gnu++14";
				CLANG_CXX_LIBRARY = "libc++";
				CLANG_ENABLE_MODULES = YES;
				CLANG_ENABLE_OBJC_ARC = YES;
				CLANG_ENABLE_OBJC_WEAK = YES;
				CLANG_WARN_BLOCK_CAPTURE_AUTORELEASING = YES;
				CLANG_WARN_BOOL_CONVERSION = YES;
				CLANG_WARN_COMMA = YES;
				CLANG_WARN_CONSTANT_CONVERSION = YES;
				CLANG_WARN_DEPRECATED_OBJC_IMPLEMENTATIONS = YES;
				CLANG_WARN_DIRECT_OBJC_ISA_USAGE = YES_ERROR;
				CLANG_WARN_DOCUMENTATION_COMMENTS = YES;
				CLANG_WARN_EMPTY_BODY = YES;
				CLANG_WARN_ENUM_CONVERSION = YES;
				CLANG_WARN_INFINITE_RECURSION = YES;
				CLANG_WARN_INT_CONVERSION = YES;
				CLANG_WARN_NON_LITERAL_NULL_CONVERSION = YES;
				CLANG_WARN_OBJC_IMPLICIT_RETAIN_SELF = YES;
				CLANG_WARN_OBJC_LITERAL_CONVERSION = YES;
				CLANG_WARN_OBJC_ROOT_CLASS = YES_ERROR;
				CLANG_WARN_QUOTED_INCLUDE_IN_FRAMEWORK_HEADER = YES;
				CLANG_WARN_RANGE_LOOP_ANALYSIS = YES;
				CLANG_WARN_STRICT_PROTOTYPES = YES;
				CLANG_WARN_SUSPICIOUS_MOVE = YES;
				CLANG_WARN_UNGUARDED_AVAILABILITY = YES_AGGRESSIVE;
				CLANG_WARN_UNREACHABLE_CODE = YES;
				CLANG_WARN__DUPLICATE_METHOD_MATCH = YES;
				COPY_PHASE_STRIP = NO;
				DEBUG_INFORMATION_FORMAT = dwarf;
				ENABLE_STRICT_OBJC_MSGSEND = YES;
				ENABLE_TESTABILITY = YES;
				GCC_C_LANGUAGE_STANDARD = gnu11;
				GCC_DYNAMIC_NO_PIC = NO;
				GCC_NO_COMMON_BLOCKS = YES;
				GCC_OPTIMIZATION_LEVEL = 0;
				GCC_PREPROCESSOR_DEFINITIONS = (
					"DEBUG=1",
					"$(inherited)",
				);
				GCC_WARN_64_TO_32_BIT_CONVERSION = YES;
				GCC_WARN_ABOUT_RETURN_TYPE = YES_ERROR;
				GCC_WARN_UNDECLARED_SELECTOR = YES;
				GCC_WARN_UNINITIALIZED_AUTOS = YES_AGGRESSIVE;
				GCC_WARN_UNUSED_FUNCTION = YES;
				GCC_WARN_UNUSED_VARIABLE = YES;
				IPHONEOS_DEPLOYMENT_TARGET = 14.5;
				MTL_ENABLE_DEBUG_INFO = INCLUDE_SOURCE;
				MTL_FAST_MATH = YES;
				ONLY_ACTIVE_ARCH = YES;
				SDKROOT = iphoneos;
				SWIFT_ACTIVE_COMPILATION_CONDITIONS = DEBUG;
				SWIFT_OPTIMIZATION_LEVEL = "-Onone";
			};
			name = Debug;
		};
		DC068DDB26E39A530039E5B0 /* Release */ = {
			isa = XCBuildConfiguration;
			buildSettings = {
				ALWAYS_SEARCH_USER_PATHS = NO;
				CLANG_ANALYZER_NONNULL = YES;
				CLANG_ANALYZER_NUMBER_OBJECT_CONVERSION = YES_AGGRESSIVE;
				CLANG_CXX_LANGUAGE_STANDARD = "gnu++14";
				CLANG_CXX_LIBRARY = "libc++";
				CLANG_ENABLE_MODULES = YES;
				CLANG_ENABLE_OBJC_ARC = YES;
				CLANG_ENABLE_OBJC_WEAK = YES;
				CLANG_WARN_BLOCK_CAPTURE_AUTORELEASING = YES;
				CLANG_WARN_BOOL_CONVERSION = YES;
				CLANG_WARN_COMMA = YES;
				CLANG_WARN_CONSTANT_CONVERSION = YES;
				CLANG_WARN_DEPRECATED_OBJC_IMPLEMENTATIONS = YES;
				CLANG_WARN_DIRECT_OBJC_ISA_USAGE = YES_ERROR;
				CLANG_WARN_DOCUMENTATION_COMMENTS = YES;
				CLANG_WARN_EMPTY_BODY = YES;
				CLANG_WARN_ENUM_CONVERSION = YES;
				CLANG_WARN_INFINITE_RECURSION = YES;
				CLANG_WARN_INT_CONVERSION = YES;
				CLANG_WARN_NON_LITERAL_NULL_CONVERSION = YES;
				CLANG_WARN_OBJC_IMPLICIT_RETAIN_SELF = YES;
				CLANG_WARN_OBJC_LITERAL_CONVERSION = YES;
				CLANG_WARN_OBJC_ROOT_CLASS = YES_ERROR;
				CLANG_WARN_QUOTED_INCLUDE_IN_FRAMEWORK_HEADER = YES;
				CLANG_WARN_RANGE_LOOP_ANALYSIS = YES;
				CLANG_WARN_STRICT_PROTOTYPES = YES;
				CLANG_WARN_SUSPICIOUS_MOVE = YES;
				CLANG_WARN_UNGUARDED_AVAILABILITY = YES_AGGRESSIVE;
				CLANG_WARN_UNREACHABLE_CODE = YES;
				CLANG_WARN__DUPLICATE_METHOD_MATCH = YES;
				COPY_PHASE_STRIP = NO;
				DEBUG_INFORMATION_FORMAT = "dwarf-with-dsym";
				ENABLE_NS_ASSERTIONS = NO;
				ENABLE_STRICT_OBJC_MSGSEND = YES;
				GCC_C_LANGUAGE_STANDARD = gnu11;
				GCC_NO_COMMON_BLOCKS = YES;
				GCC_WARN_64_TO_32_BIT_CONVERSION = YES;
				GCC_WARN_ABOUT_RETURN_TYPE = YES_ERROR;
				GCC_WARN_UNDECLARED_SELECTOR = YES;
				GCC_WARN_UNINITIALIZED_AUTOS = YES_AGGRESSIVE;
				GCC_WARN_UNUSED_FUNCTION = YES;
				GCC_WARN_UNUSED_VARIABLE = YES;
				IPHONEOS_DEPLOYMENT_TARGET = 14.5;
				MTL_ENABLE_DEBUG_INFO = NO;
				MTL_FAST_MATH = YES;
				SDKROOT = iphoneos;
				SWIFT_COMPILATION_MODE = wholemodule;
				SWIFT_OPTIMIZATION_LEVEL = "-O";
				VALIDATE_PRODUCT = YES;
			};
			name = Release;
		};
		DC068DDD26E39A530039E5B0 /* Debug */ = {
			isa = XCBuildConfiguration;
			buildSettings = {
				ASSETCATALOG_COMPILER_APPICON_NAME = AppIcon;
				ASSETCATALOG_COMPILER_GLOBAL_ACCENT_COLOR_NAME = AccentColor;
				CODE_SIGN_STYLE = Automatic;
				DEVELOPMENT_ASSET_PATHS = "\"AppLoja/Preview Content\"";
				ENABLE_PREVIEWS = YES;
				INFOPLIST_FILE = AppLoja/Info.plist;
				IPHONEOS_DEPLOYMENT_TARGET = 14.0;
				LD_RUNPATH_SEARCH_PATHS = (
					"$(inherited)",
					"@executable_path/Frameworks",
				);
				PRODUCT_BUNDLE_IDENTIFIER = br.pro.adalto.AppLoja;
				PRODUCT_NAME = "$(TARGET_NAME)";
				SWIFT_VERSION = 5.0;
				TARGETED_DEVICE_FAMILY = "1,2";
			};
			name = Debug;
		};
		DC068DDE26E39A530039E5B0 /* Release */ = {
			isa = XCBuildConfiguration;
			buildSettings = {
				ASSETCATALOG_COMPILER_APPICON_NAME = AppIcon;
				ASSETCATALOG_COMPILER_GLOBAL_ACCENT_COLOR_NAME = AccentColor;
				CODE_SIGN_STYLE = Automatic;
				DEVELOPMENT_ASSET_PATHS = "\"AppLoja/Preview Content\"";
				ENABLE_PREVIEWS = YES;
				INFOPLIST_FILE = AppLoja/Info.plist;
				IPHONEOS_DEPLOYMENT_TARGET = 14.0;
				LD_RUNPATH_SEARCH_PATHS = (
					"$(inherited)",
					"@executable_path/Frameworks",
				);
				PRODUCT_BUNDLE_IDENTIFIER = br.pro.adalto.AppLoja;
				PRODUCT_NAME = "$(TARGET_NAME)";
				SWIFT_VERSION = 5.0;
				TARGETED_DEVICE_FAMILY = "1,2";
			};
			name = Release;
		};
/* End XCBuildConfiguration section */

/* Begin XCConfigurationList section */
		DC068DC826E39A520039E5B0 /* Build configuration list for PBXProject "AppLoja" */ = {
			isa = XCConfigurationList;
			buildConfigurations = (
				DC068DDA26E39A530039E5B0 /* Debug */,
				DC068DDB26E39A530039E5B0 /* Release */,
			);
			defaultConfigurationIsVisible = 0;
			defaultConfigurationName = Release;
		};
		DC068DDC26E39A530039E5B0 /* Build configuration list for PBXNativeTarget "AppLoja" */ = {
			isa = XCConfigurationList;
			buildConfigurations = (
				DC068DDD26E39A530039E5B0 /* Debug */,
				DC068DDE26E39A530039E5B0 /* Release */,
			);
			defaultConfigurationIsVisible = 0;
			defaultConfigurationName = Release;
		};
/* End XCConfigurationList section */

/* Begin XCVersionGroup section */
		DC068DDF26E3B2980039E5B0 /* Model.xcdatamodeld */ = {
			isa = XCVersionGroup;
			children = (
				DC068DE026E3B2980039E5B0 /* Model.xcdatamodel */,
			);
			currentVersion = DC068DE026E3B2980039E5B0 /* Model.xcdatamodel */;
			path = Model.xcdatamodeld;
			sourceTree = "<group>";
			versionGroupType = wrapper.xcdatamodel;
		};
/* End XCVersionGroup section */
	};
	rootObject = DC068DC526E39A520039E5B0 /* Project object */;
}
