<?xml version="1.0" encoding="UTF-8"?>
<!DOCTYPE plist PUBLIC "-//Apple//DTD PLIST 1.0//EN" "http://www.apple.com/DTDs/PropertyList-1.0.dtd">
<plist version="1.0">
<dict>
	<key>hostname</key>
	<string>MacBook-Air-de-Adalto.local</string>
	<key>hostuuid</key>
	<string>2F5DB156-6272-537A-8547-6BA7A0F8D06C</string>
	<key>pid</key>
	<integer>30804</integer>
	<key>processname</key>
	<string>photolibraryd</string>
	<key>uid</key>
	<integer>501</integer>
</dict>
</plist>
